
Microsoft Visual Studio Solution File, Format Version 9.00
# Visual Studio 2005
Project("{8BC9CEB8-8B4A-11D0-8D11-00A0C91BC942}") = "TCache", "TCache.vcproj", "{63A1C059-BFB1-444D-8E77-F82B5909BA12}"
EndProject
Project("{8BC9CEB8-8B4A-11D0-8D11-00A0C91BC942}") = "TCache.Counters", "..\TCache.Counters\TCache.Counters.vcproj", "{60AE7940-3DBF-4D7A-A5BE-51F56F0D9863}"
EndProject
Project("{8BC9CEB8-8B4A-11D0-8D11-00A0C91BC942}") = "TCache.Test", "..\TCache.Test\TCache.Test.vcproj", "{E2D93F2F-6CAE-454C-BE25-C8C8FBEFA603}"
EndProject
Project("{8BC9CEB8-8B4A-11D0-8D11-00A0C91BC942}") = "db_dll", "db-4.7.25\build_windows\db_dll.vcproj", "{DA9A8B43-0E56-46AD-81C4-7E6309834AA9}"
EndProject
Project("{8BC9CEB8-8B4A-11D0-8D11-00A0C91BC942}") = "TCache.Example.KeyValue", "..\TCache.Example.KeyValue\TCache.Example.KeyValue.vcproj", "{7452C396-9D9B-443B-A74D-7BD97DEC542C}"
EndProject
Project("{8BC9CEB8-8B4A-11D0-8D11-00A0C91BC942}") = "TCache.Example.SemiStructuredRecord", "..\TCache.Example.SemiStructuredRecord\TCache.Example.SemiStructuredRecord.vcproj", "{C6C1D82C-3245-4F7E-8AFF-1B451E876A6F}"
EndProject
Project("{8BC9CEB8-8B4A-11D0-8D11-00A0C91BC942}") = "TCache.Example.StructuredRecord", "..\TCache.Example.StructuredRecord\TCache.Example.StructuredRecord.vcproj", "{F5D95696-F8DE-44B1-A23B-92D98149E06B}"
EndProject
Global
	GlobalSection(SubversionScc) = preSolution
		Svn-Managed = True
		Manager = AnkhSVN - Subversion Support for Visual Studio
	EndGlobalSection
	GlobalSection(SolutionConfigurationPlatforms) = preSolution
		ASCII Debug x86|Win32 = ASCII Debug x86|Win32
		ASCII Debug x86|x64 = ASCII Debug x86|x64
		ASCII Release x86|Win32 = ASCII Release x86|Win32
		ASCII Release x86|x64 = ASCII Release x86|x64
		Debug AMD64|Win32 = Debug AMD64|Win32
		Debug AMD64|x64 = Debug AMD64|x64
		Debug IA64|Win32 = Debug IA64|Win32
		Debug IA64|x64 = Debug IA64|x64
		Debug x86|Win32 = Debug x86|Win32
		Debug x86|x64 = Debug x86|x64
		Debug|Win32 = Debug|Win32
		Debug|x64 = Debug|x64
		Release AMD64|Win32 = Release AMD64|Win32
		Release AMD64|x64 = Release AMD64|x64
		Release IA64|Win32 = Release IA64|Win32
		Release IA64|x64 = Release IA64|x64
		Release x86|Win32 = Release x86|Win32
		Release x86|x64 = Release x86|x64
		Release|Win32 = Release|Win32
		Release|x64 = Release|x64
	EndGlobalSection
	GlobalSection(ProjectConfigurationPlatforms) = postSolution
		{63A1C059-BFB1-444D-8E77-F82B5909BA12}.ASCII Debug x86|Win32.ActiveCfg = Debug|Win32
		{63A1C059-BFB1-444D-8E77-F82B5909BA12}.ASCII Debug x86|Win32.Build.0 = Debug|Win32
		{63A1C059-BFB1-444D-8E77-F82B5909BA12}.ASCII Debug x86|x64.ActiveCfg = Debug|Win32
		{63A1C059-BFB1-444D-8E77-F82B5909BA12}.ASCII Release x86|Win32.ActiveCfg = Release|Win32
		{63A1C059-BFB1-444D-8E77-F82B5909BA12}.ASCII Release x86|Win32.Build.0 = Release|Win32
		{63A1C059-BFB1-444D-8E77-F82B5909BA12}.ASCII Release x86|x64.ActiveCfg = Release|Win32
		{63A1C059-BFB1-444D-8E77-F82B5909BA12}.Debug AMD64|Win32.ActiveCfg = Debug|Win32
		{63A1C059-BFB1-444D-8E77-F82B5909BA12}.Debug AMD64|Win32.Build.0 = Debug|Win32
		{63A1C059-BFB1-444D-8E77-F82B5909BA12}.Debug AMD64|x64.ActiveCfg = Debug|Win32
		{63A1C059-BFB1-444D-8E77-F82B5909BA12}.Debug IA64|Win32.ActiveCfg = Debug|Win32
		{63A1C059-BFB1-444D-8E77-F82B5909BA12}.Debug IA64|Win32.Build.0 = Debug|Win32
		{63A1C059-BFB1-444D-8E77-F82B5909BA12}.Debug IA64|x64.ActiveCfg = Debug|Win32
		{63A1C059-BFB1-444D-8E77-F82B5909BA12}.Debug x86|Win32.ActiveCfg = Debug|Win32
		{63A1C059-BFB1-444D-8E77-F82B5909BA12}.Debug x86|Win32.Build.0 = Debug|Win32
		{63A1C059-BFB1-444D-8E77-F82B5909BA12}.Debug x86|x64.ActiveCfg = Debug|Win32
		{63A1C059-BFB1-444D-8E77-F82B5909BA12}.Debug|Win32.ActiveCfg = Debug|Win32
		{63A1C059-BFB1-444D-8E77-F82B5909BA12}.Debug|Win32.Build.0 = Debug|Win32
		{63A1C059-BFB1-444D-8E77-F82B5909BA12}.Debug|x64.ActiveCfg = Debug|Win32
		{63A1C059-BFB1-444D-8E77-F82B5909BA12}.Release AMD64|Win32.ActiveCfg = Release|Win32
		{63A1C059-BFB1-444D-8E77-F82B5909BA12}.Release AMD64|Win32.Build.0 = Release|Win32
		{63A1C059-BFB1-444D-8E77-F82B5909BA12}.Release AMD64|x64.ActiveCfg = Release|Win32
		{63A1C059-BFB1-444D-8E77-F82B5909BA12}.Release IA64|Win32.ActiveCfg = Release|Win32
		{63A1C059-BFB1-444D-8E77-F82B5909BA12}.Release IA64|Win32.Build.0 = Release|Win32
		{63A1C059-BFB1-444D-8E77-F82B5909BA12}.Release IA64|x64.ActiveCfg = Release|Win32
		{63A1C059-BFB1-444D-8E77-F82B5909BA12}.Release x86|Win32.ActiveCfg = Release|Win32
		{63A1C059-BFB1-444D-8E77-F82B5909BA12}.Release x86|Win32.Build.0 = Release|Win32
		{63A1C059-BFB1-444D-8E77-F82B5909BA12}.Release x86|x64.ActiveCfg = Release|Win32
		{63A1C059-BFB1-444D-8E77-F82B5909BA12}.Release|Win32.ActiveCfg = Release|Win32
		{63A1C059-BFB1-444D-8E77-F82B5909BA12}.Release|Win32.Build.0 = Release|Win32
		{63A1C059-BFB1-444D-8E77-F82B5909BA12}.Release|x64.ActiveCfg = Release|Win32
		{60AE7940-3DBF-4D7A-A5BE-51F56F0D9863}.ASCII Debug x86|Win32.ActiveCfg = Debug|Win32
		{60AE7940-3DBF-4D7A-A5BE-51F56F0D9863}.ASCII Debug x86|Win32.Build.0 = Debug|Win32
		{60AE7940-3DBF-4D7A-A5BE-51F56F0D9863}.ASCII Debug x86|x64.ActiveCfg = Debug|Win32
		{60AE7940-3DBF-4D7A-A5BE-51F56F0D9863}.ASCII Release x86|Win32.ActiveCfg = Release|Win32
		{60AE7940-3DBF-4D7A-A5BE-51F56F0D9863}.ASCII Release x86|Win32.Build.0 = Release|Win32
		{60AE7940-3DBF-4D7A-A5BE-51F56F0D9863}.ASCII Release x86|x64.ActiveCfg = Release|Win32
		{60AE7940-3DBF-4D7A-A5BE-51F56F0D9863}.Debug AMD64|Win32.ActiveCfg = Debug|Win32
		{60AE7940-3DBF-4D7A-A5BE-51F56F0D9863}.Debug AMD64|Win32.Build.0 = Debug|Win32
		{60AE7940-3DBF-4D7A-A5BE-51F56F0D9863}.Debug AMD64|x64.ActiveCfg = Debug|Win32
		{60AE7940-3DBF-4D7A-A5BE-51F56F0D9863}.Debug IA64|Win32.ActiveCfg = Debug|Win32
		{60AE7940-3DBF-4D7A-A5BE-51F56F0D9863}.Debug IA64|Win32.Build.0 = Debug|Win32
		{60AE7940-3DBF-4D7A-A5BE-51F56F0D9863}.Debug IA64|x64.ActiveCfg = Debug|Win32
		{60AE7940-3DBF-4D7A-A5BE-51F56F0D9863}.Debug x86|Win32.ActiveCfg = Debug|Win32
		{60AE7940-3DBF-4D7A-A5BE-51F56F0D9863}.Debug x86|Win32.Build.0 = Debug|Win32
		{60AE7940-3DBF-4D7A-A5BE-51F56F0D9863}.Debug x86|x64.ActiveCfg = Debug|Win32
		{60AE7940-3DBF-4D7A-A5BE-51F56F0D9863}.Debug|Win32.ActiveCfg = Debug|Win32
		{60AE7940-3DBF-4D7A-A5BE-51F56F0D9863}.Debug|Win32.Build.0 = Debug|Win32
		{60AE7940-3DBF-4D7A-A5BE-51F56F0D9863}.Debug|x64.ActiveCfg = Debug|Win32
		{60AE7940-3DBF-4D7A-A5BE-51F56F0D9863}.Release AMD64|Win32.ActiveCfg = Release|Win32
		{60AE7940-3DBF-4D7A-A5BE-51F56F0D9863}.Release AMD64|Win32.Build.0 = Release|Win32
		{60AE7940-3DBF-4D7A-A5BE-51F56F0D9863}.Release AMD64|x64.ActiveCfg = Release|Win32
		{60AE7940-3DBF-4D7A-A5BE-51F56F0D9863}.Release IA64|Win32.ActiveCfg = Release|Win32
		{60AE7940-3DBF-4D7A-A5BE-51F56F0D9863}.Release IA64|Win32.Build.0 = Release|Win32
		{60AE7940-3DBF-4D7A-A5BE-51F56F0D9863}.Release IA64|x64.ActiveCfg = Release|Win32
		{60AE7940-3DBF-4D7A-A5BE-51F56F0D9863}.Release x86|Win32.ActiveCfg = Release|Win32
		{60AE7940-3DBF-4D7A-A5BE-51F56F0D9863}.Release x86|Win32.Build.0 = Release|Win32
		{60AE7940-3DBF-4D7A-A5BE-51F56F0D9863}.Release x86|x64.ActiveCfg = Release|Win32
		{60AE7940-3DBF-4D7A-A5BE-51F56F0D9863}.Release|Win32.ActiveCfg = Release|Win32
		{60AE7940-3DBF-4D7A-A5BE-51F56F0D9863}.Release|Win32.Build.0 = Release|Win32
		{60AE7940-3DBF-4D7A-A5BE-51F56F0D9863}.Release|x64.ActiveCfg = Release|Win32
		{E2D93F2F-6CAE-454C-BE25-C8C8FBEFA603}.ASCII Debug x86|Win32.ActiveCfg = Debug|Win32
		{E2D93F2F-6CAE-454C-BE25-C8C8FBEFA603}.ASCII Debug x86|Win32.Build.0 = Debug|Win32
		{E2D93F2F-6CAE-454C-BE25-C8C8FBEFA603}.ASCII Debug x86|x64.ActiveCfg = Debug|Win32
		{E2D93F2F-6CAE-454C-BE25-C8C8FBEFA603}.ASCII Release x86|Win32.ActiveCfg = Release|Win32
		{E2D93F2F-6CAE-454C-BE25-C8C8FBEFA603}.ASCII Release x86|Win32.Build.0 = Release|Win32
		{E2D93F2F-6CAE-454C-BE25-C8C8FBEFA603}.ASCII Release x86|x64.ActiveCfg = Release|Win32
		{E2D93F2F-6CAE-454C-BE25-C8C8FBEFA603}.Debug AMD64|Win32.ActiveCfg = Debug|Win32
		{E2D93F2F-6CAE-454C-BE25-C8C8FBEFA603}.Debug AMD64|Win32.Build.0 = Debug|Win32
		{E2D93F2F-6CAE-454C-BE25-C8C8FBEFA603}.Debug AMD64|x64.ActiveCfg = Debug|Win32
		{E2D93F2F-6CAE-454C-BE25-C8C8FBEFA603}.Debug IA64|Win32.ActiveCfg = Debug|Win32
		{E2D93F2F-6CAE-454C-BE25-C8C8FBEFA603}.Debug IA64|Win32.Build.0 = Debug|Win32
		{E2D93F2F-6CAE-454C-BE25-C8C8FBEFA603}.Debug IA64|x64.ActiveCfg = Debug|Win32
		{E2D93F2F-6CAE-454C-BE25-C8C8FBEFA603}.Debug x86|Win32.ActiveCfg = Debug|Win32
		{E2D93F2F-6CAE-454C-BE25-C8C8FBEFA603}.Debug x86|Win32.Build.0 = Debug|Win32
		{E2D93F2F-6CAE-454C-BE25-C8C8FBEFA603}.Debug x86|x64.ActiveCfg = Debug|Win32
		{E2D93F2F-6CAE-454C-BE25-C8C8FBEFA603}.Debug|Win32.ActiveCfg = Debug|Win32
		{E2D93F2F-6CAE-454C-BE25-C8C8FBEFA603}.Debug|Win32.Build.0 = Debug|Win32
		{E2D93F2F-6CAE-454C-BE25-C8C8FBEFA603}.Debug|x64.ActiveCfg = Debug|Win32
		{E2D93F2F-6CAE-454C-BE25-C8C8FBEFA603}.Release AMD64|Win32.ActiveCfg = Release|Win32
		{E2D93F2F-6CAE-454C-BE25-C8C8FBEFA603}.Release AMD64|Win32.Build.0 = Release|Win32
		{E2D93F2F-6CAE-454C-BE25-C8C8FBEFA603}.Release AMD64|x64.ActiveCfg = Release|Win32
		{E2D93F2F-6CAE-454C-BE25-C8C8FBEFA603}.Release IA64|Win32.ActiveCfg = Release|Win32
		{E2D93F2F-6CAE-454C-BE25-C8C8FBEFA603}.Release IA64|Win32.Build.0 = Release|Win32
		{E2D93F2F-6CAE-454C-BE25-C8C8FBEFA603}.Release IA64|x64.ActiveCfg = Release|Win32
		{E2D93F2F-6CAE-454C-BE25-C8C8FBEFA603}.Release x86|Win32.ActiveCfg = Release|Win32
		{E2D93F2F-6CAE-454C-BE25-C8C8FBEFA603}.Release x86|Win32.Build.0 = Release|Win32
		{E2D93F2F-6CAE-454C-BE25-C8C8FBEFA603}.Release x86|x64.ActiveCfg = Release|Win32
		{E2D93F2F-6CAE-454C-BE25-C8C8FBEFA603}.Release|Win32.ActiveCfg = Release|Win32
		{E2D93F2F-6CAE-454C-BE25-C8C8FBEFA603}.Release|Win32.Build.0 = Release|Win32
		{E2D93F2F-6CAE-454C-BE25-C8C8FBEFA603}.Release|x64.ActiveCfg = Release|Win32
		{DA9A8B43-0E56-46AD-81C4-7E6309834AA9}.ASCII Debug x86|Win32.ActiveCfg = ASCII Debug x86|Win32
		{DA9A8B43-0E56-46AD-81C4-7E6309834AA9}.ASCII Debug x86|Win32.Build.0 = ASCII Debug x86|Win32
		{DA9A8B43-0E56-46AD-81C4-7E6309834AA9}.ASCII Debug x86|x64.ActiveCfg = ASCII Debug x86|x64
		{DA9A8B43-0E56-46AD-81C4-7E6309834AA9}.ASCII Debug x86|x64.Build.0 = ASCII Debug x86|x64
		{DA9A8B43-0E56-46AD-81C4-7E6309834AA9}.ASCII Release x86|Win32.ActiveCfg = ASCII Release x86|Win32
		{DA9A8B43-0E56-46AD-81C4-7E6309834AA9}.ASCII Release x86|Win32.Build.0 = ASCII Release x86|Win32
		{DA9A8B43-0E56-46AD-81C4-7E6309834AA9}.ASCII Release x86|x64.ActiveCfg = ASCII Release x86|x64
		{DA9A8B43-0E56-46AD-81C4-7E6309834AA9}.ASCII Release x86|x64.Build.0 = ASCII Release x86|x64
		{DA9A8B43-0E56-46AD-81C4-7E6309834AA9}.Debug AMD64|Win32.ActiveCfg = Debug x86|Win32
		{DA9A8B43-0E56-46AD-81C4-7E6309834AA9}.Debug AMD64|Win32.Build.0 = Debug x86|Win32
		{DA9A8B43-0E56-46AD-81C4-7E6309834AA9}.Debug AMD64|x64.ActiveCfg = Debug AMD64|x64
		{DA9A8B43-0E56-46AD-81C4-7E6309834AA9}.Debug AMD64|x64.Build.0 = Debug AMD64|x64
		{DA9A8B43-0E56-46AD-81C4-7E6309834AA9}.Debug IA64|Win32.ActiveCfg = Debug IA64|Win32
		{DA9A8B43-0E56-46AD-81C4-7E6309834AA9}.Debug IA64|Win32.Build.0 = Debug IA64|Win32
		{DA9A8B43-0E56-46AD-81C4-7E6309834AA9}.Debug IA64|x64.ActiveCfg = Debug IA64|x64
		{DA9A8B43-0E56-46AD-81C4-7E6309834AA9}.Debug IA64|x64.Build.0 = Debug IA64|x64
		{DA9A8B43-0E56-46AD-81C4-7E6309834AA9}.Debug x86|Win32.ActiveCfg = Debug x86|Win32
		{DA9A8B43-0E56-46AD-81C4-7E6309834AA9}.Debug x86|Win32.Build.0 = Debug x86|Win32
		{DA9A8B43-0E56-46AD-81C4-7E6309834AA9}.Debug x86|x64.ActiveCfg = Debug x86|x64
		{DA9A8B43-0E56-46AD-81C4-7E6309834AA9}.Debug x86|x64.Build.0 = Debug x86|x64
		{DA9A8B43-0E56-46AD-81C4-7E6309834AA9}.Debug|Win32.ActiveCfg = Debug x86|Win32
		{DA9A8B43-0E56-46AD-81C4-7E6309834AA9}.Debug|Win32.Build.0 = Debug x86|Win32
		{DA9A8B43-0E56-46AD-81C4-7E6309834AA9}.Debug|x64.ActiveCfg = Debug IA64|x64
		{DA9A8B43-0E56-46AD-81C4-7E6309834AA9}.Debug|x64.Build.0 = Debug IA64|x64
		{DA9A8B43-0E56-46AD-81C4-7E6309834AA9}.Release AMD64|Win32.ActiveCfg = Release AMD64|Win32
		{DA9A8B43-0E56-46AD-81C4-7E6309834AA9}.Release AMD64|Win32.Build.0 = Release AMD64|Win32
		{DA9A8B43-0E56-46AD-81C4-7E6309834AA9}.Release AMD64|x64.ActiveCfg = Release AMD64|x64
		{DA9A8B43-0E56-46AD-81C4-7E6309834AA9}.Release AMD64|x64.Build.0 = Release AMD64|x64
		{DA9A8B43-0E56-46AD-81C4-7E6309834AA9}.Release IA64|Win32.ActiveCfg = Release IA64|Win32
		{DA9A8B43-0E56-46AD-81C4-7E6309834AA9}.Release IA64|Win32.Build.0 = Release IA64|Win32
		{DA9A8B43-0E56-46AD-81C4-7E6309834AA9}.Release IA64|x64.ActiveCfg = Release IA64|x64
		{DA9A8B43-0E56-46AD-81C4-7E6309834AA9}.Release IA64|x64.Build.0 = Release IA64|x64
		{DA9A8B43-0E56-46AD-81C4-7E6309834AA9}.Release x86|Win32.ActiveCfg = Release x86|Win32
		{DA9A8B43-0E56-46AD-81C4-7E6309834AA9}.Release x86|Win32.Build.0 = Release x86|Win32
		{DA9A8B43-0E56-46AD-81C4-7E6309834AA9}.Release x86|x64.ActiveCfg = Release x86|x64
		{DA9A8B43-0E56-46AD-81C4-7E6309834AA9}.Release x86|x64.Build.0 = Release x86|x64
		{DA9A8B43-0E56-46AD-81C4-7E6309834AA9}.Release|Win32.ActiveCfg = Release x86|Win32
		{DA9A8B43-0E56-46AD-81C4-7E6309834AA9}.Release|Win32.Build.0 = Release x86|Win32
		{DA9A8B43-0E56-46AD-81C4-7E6309834AA9}.Release|x64.ActiveCfg = Release x86|x64
		{DA9A8B43-0E56-46AD-81C4-7E6309834AA9}.Release|x64.Build.0 = Release x86|x64
		{7452C396-9D9B-443B-A74D-7BD97DEC542C}.ASCII Debug x86|Win32.ActiveCfg = Debug|Win32
		{7452C396-9D9B-443B-A74D-7BD97DEC542C}.ASCII Debug x86|Win32.Build.0 = Debug|Win32
		{7452C396-9D9B-443B-A74D-7BD97DEC542C}.ASCII Debug x86|x64.ActiveCfg = Debug|Win32
		{7452C396-9D9B-443B-A74D-7BD97DEC542C}.ASCII Release x86|Win32.ActiveCfg = Release|Win32
		{7452C396-9D9B-443B-A74D-7BD97DEC542C}.ASCII Release x86|Win32.Build.0 = Release|Win32
		{7452C396-9D9B-443B-A74D-7BD97DEC542C}.ASCII Release x86|x64.ActiveCfg = Release|Win32
		{7452C396-9D9B-443B-A74D-7BD97DEC542C}.Debug AMD64|Win32.ActiveCfg = Debug|Win32
		{7452C396-9D9B-443B-A74D-7BD97DEC542C}.Debug AMD64|Win32.Build.0 = Debug|Win32
		{7452C396-9D9B-443B-A74D-7BD97DEC542C}.Debug AMD64|x64.ActiveCfg = Debug|Win32
		{7452C396-9D9B-443B-A74D-7BD97DEC542C}.Debug IA64|Win32.ActiveCfg = Debug|Win32
		{7452C396-9D9B-443B-A74D-7BD97DEC542C}.Debug IA64|Win32.Build.0 = Debug|Win32
		{7452C396-9D9B-443B-A74D-7BD97DEC542C}.Debug IA64|x64.ActiveCfg = Debug|Win32
		{7452C396-9D9B-443B-A74D-7BD97DEC542C}.Debug x86|Win32.ActiveCfg = Debug|Win32
		{7452C396-9D9B-443B-A74D-7BD97DEC542C}.Debug x86|Win32.Build.0 = Debug|Win32
		{7452C396-9D9B-443B-A74D-7BD97DEC542C}.Debug x86|x64.ActiveCfg = Debug|Win32
		{7452C396-9D9B-443B-A74D-7BD97DEC542C}.Debug|Win32.ActiveCfg = Debug|Win32
		{7452C396-9D9B-443B-A74D-7BD97DEC542C}.Debug|Win32.Build.0 = Debug|Win32
		{7452C396-9D9B-443B-A74D-7BD97DEC542C}.Debug|x64.ActiveCfg = Debug|Win32
		{7452C396-9D9B-443B-A74D-7BD97DEC542C}.Release AMD64|Win32.ActiveCfg = Release|Win32
		{7452C396-9D9B-443B-A74D-7BD97DEC542C}.Release AMD64|Win32.Build.0 = Release|Win32
		{7452C396-9D9B-443B-A74D-7BD97DEC542C}.Release AMD64|x64.ActiveCfg = Release|Win32
		{7452C396-9D9B-443B-A74D-7BD97DEC542C}.Release IA64|Win32.ActiveCfg = Release|Win32
		{7452C396-9D9B-443B-A74D-7BD97DEC542C}.Release IA64|Win32.Build.0 = Release|Win32
		{7452C396-9D9B-443B-A74D-7BD97DEC542C}.Release IA64|x64.ActiveCfg = Release|Win32
		{7452C396-9D9B-443B-A74D-7BD97DEC542C}.Release x86|Win32.ActiveCfg = Release|Win32
		{7452C396-9D9B-443B-A74D-7BD97DEC542C}.Release x86|Win32.Build.0 = Release|Win32
		{7452C396-9D9B-443B-A74D-7BD97DEC542C}.Release x86|x64.ActiveCfg = Release|Win32
		{7452C396-9D9B-443B-A74D-7BD97DEC542C}.Release|Win32.ActiveCfg = Release|Win32
		{7452C396-9D9B-443B-A74D-7BD97DEC542C}.Release|Win32.Build.0 = Release|Win32
		{7452C396-9D9B-443B-A74D-7BD97DEC542C}.Release|x64.ActiveCfg = Release|Win32
		{C6C1D82C-3245-4F7E-8AFF-1B451E876A6F}.ASCII Debug x86|Win32.ActiveCfg = Debug|Win32
		{C6C1D82C-3245-4F7E-8AFF-1B451E876A6F}.ASCII Debug x86|Win32.Build.0 = Debug|Win32
		{C6C1D82C-3245-4F7E-8AFF-1B451E876A6F}.ASCII Debug x86|x64.ActiveCfg = Debug|Win32
		{C6C1D82C-3245-4F7E-8AFF-1B451E876A6F}.ASCII Release x86|Win32.ActiveCfg = Release|Win32
		{C6C1D82C-3245-4F7E-8AFF-1B451E876A6F}.ASCII Release x86|Win32.Build.0 = Release|Win32
		{C6C1D82C-3245-4F7E-8AFF-1B451E876A6F}.ASCII Release x86|x64.ActiveCfg = Release|Win32
		{C6C1D82C-3245-4F7E-8AFF-1B451E876A6F}.Debug AMD64|Win32.ActiveCfg = Debug|Win32
		{C6C1D82C-3245-4F7E-8AFF-1B451E876A6F}.Debug AMD64|Win32.Build.0 = Debug|Win32
		{C6C1D82C-3245-4F7E-8AFF-1B451E876A6F}.Debug AMD64|x64.ActiveCfg = Debug|Win32
		{C6C1D82C-3245-4F7E-8AFF-1B451E876A6F}.Debug IA64|Win32.ActiveCfg = Debug|Win32
		{C6C1D82C-3245-4F7E-8AFF-1B451E876A6F}.Debug IA64|Win32.Build.0 = Debug|Win32
		{C6C1D82C-3245-4F7E-8AFF-1B451E876A6F}.Debug IA64|x64.ActiveCfg = Debug|Win32
		{C6C1D82C-3245-4F7E-8AFF-1B451E876A6F}.Debug x86|Win32.ActiveCfg = Debug|Win32
		{C6C1D82C-3245-4F7E-8AFF-1B451E876A6F}.Debug x86|Win32.Build.0 = Debug|Win32
		{C6C1D82C-3245-4F7E-8AFF-1B451E876A6F}.Debug x86|x64.ActiveCfg = Debug|Win32
		{C6C1D82C-3245-4F7E-8AFF-1B451E876A6F}.Debug|Win32.ActiveCfg = Debug|Win32
		{C6C1D82C-3245-4F7E-8AFF-1B451E876A6F}.Debug|Win32.Build.0 = Debug|Win32
		{C6C1D82C-3245-4F7E-8AFF-1B451E876A6F}.Debug|x64.ActiveCfg = Debug|Win32
		{C6C1D82C-3245-4F7E-8AFF-1B451E876A6F}.Release AMD64|Win32.ActiveCfg = Release|Win32
		{C6C1D82C-3245-4F7E-8AFF-1B451E876A6F}.Release AMD64|Win32.Build.0 = Release|Win32
		{C6C1D82C-3245-4F7E-8AFF-1B451E876A6F}.Release AMD64|x64.ActiveCfg = Release|Win32
		{C6C1D82C-3245-4F7E-8AFF-1B451E876A6F}.Release IA64|Win32.ActiveCfg = Release|Win32
		{C6C1D82C-3245-4F7E-8AFF-1B451E876A6F}.Release IA64|Win32.Build.0 = Release|Win32
		{C6C1D82C-3245-4F7E-8AFF-1B451E876A6F}.Release IA64|x64.ActiveCfg = Release|Win32
		{C6C1D82C-3245-4F7E-8AFF-1B451E876A6F}.Release x86|Win32.ActiveCfg = Release|Win32
		{C6C1D82C-3245-4F7E-8AFF-1B451E876A6F}.Release x86|Win32.Build.0 = Release|Win32
		{C6C1D82C-3245-4F7E-8AFF-1B451E876A6F}.Release x86|x64.ActiveCfg = Release|Win32
		{C6C1D82C-3245-4F7E-8AFF-1B451E876A6F}.Release|Win32.ActiveCfg = Release|Win32
		{C6C1D82C-3245-4F7E-8AFF-1B451E876A6F}.Release|Win32.Build.0 = Release|Win32
		{C6C1D82C-3245-4F7E-8AFF-1B451E876A6F}.Release|x64.ActiveCfg = Release|Win32
		{F5D95696-F8DE-44B1-A23B-92D98149E06B}.ASCII Debug x86|Win32.ActiveCfg = Debug|Win32
		{F5D95696-F8DE-44B1-A23B-92D98149E06B}.ASCII Debug x86|Win32.Build.0 = Debug|Win32
		{F5D95696-F8DE-44B1-A23B-92D98149E06B}.ASCII Debug x86|x64.ActiveCfg = Debug|Win32
		{F5D95696-F8DE-44B1-A23B-92D98149E06B}.ASCII Release x86|Win32.ActiveCfg = Release|Win32
		{F5D95696-F8DE-44B1-A23B-92D98149E06B}.ASCII Release x86|Win32.Build.0 = Release|Win32
		{F5D95696-F8DE-44B1-A23B-92D98149E06B}.ASCII Release x86|x64.ActiveCfg = Release|Win32
		{F5D95696-F8DE-44B1-A23B-92D98149E06B}.Debug AMD64|Win32.ActiveCfg = Debug|Win32
		{F5D95696-F8DE-44B1-A23B-92D98149E06B}.Debug AMD64|Win32.Build.0 = Debug|Win32
		{F5D95696-F8DE-44B1-A23B-92D98149E06B}.Debug AMD64|x64.ActiveCfg = Debug|Win32
		{F5D95696-F8DE-44B1-A23B-92D98149E06B}.Debug IA64|Win32.ActiveCfg = Debug|Win32
		{F5D95696-F8DE-44B1-A23B-92D98149E06B}.Debug IA64|Win32.Build.0 = Debug|Win32
		{F5D95696-F8DE-44B1-A23B-92D98149E06B}.Debug IA64|x64.ActiveCfg = Debug|Win32
		{F5D95696-F8DE-44B1-A23B-92D98149E06B}.Debug x86|Win32.ActiveCfg = Debug|Win32
		{F5D95696-F8DE-44B1-A23B-92D98149E06B}.Debug x86|Win32.Build.0 = Debug|Win32
		{F5D95696-F8DE-44B1-A23B-92D98149E06B}.Debug x86|x64.ActiveCfg = Debug|Win32
		{F5D95696-F8DE-44B1-A23B-92D98149E06B}.Debug|Win32.ActiveCfg = Debug|Win32
		{F5D95696-F8DE-44B1-A23B-92D98149E06B}.Debug|Win32.Build.0 = Debug|Win32
		{F5D95696-F8DE-44B1-A23B-92D98149E06B}.Debug|x64.ActiveCfg = Debug|Win32
		{F5D95696-F8DE-44B1-A23B-92D98149E06B}.Release AMD64|Win32.ActiveCfg = Release|Win32
		{F5D95696-F8DE-44B1-A23B-92D98149E06B}.Release AMD64|Win32.Build.0 = Release|Win32
		{F5D95696-F8DE-44B1-A23B-92D98149E06B}.Release AMD64|x64.ActiveCfg = Release|Win32
		{F5D95696-F8DE-44B1-A23B-92D98149E06B}.Release IA64|Win32.ActiveCfg = Release|Win32
		{F5D95696-F8DE-44B1-A23B-92D98149E06B}.Release IA64|Win32.Build.0 = Release|Win32
		{F5D95696-F8DE-44B1-A23B-92D98149E06B}.Release IA64|x64.ActiveCfg = Release|Win32
		{F5D95696-F8DE-44B1-A23B-92D98149E06B}.Release x86|Win32.ActiveCfg = Release|Win32
		{F5D95696-F8DE-44B1-A23B-92D98149E06B}.Release x86|Win32.Build.0 = Release|Win32
		{F5D95696-F8DE-44B1-A23B-92D98149E06B}.Release x86|x64.ActiveCfg = Release|Win32
		{F5D95696-F8DE-44B1-A23B-92D98149E06B}.Release|Win32.ActiveCfg = Release|Win32
		{F5D95696-F8DE-44B1-A23B-92D98149E06B}.Release|Win32.Build.0 = Release|Win32
		{F5D95696-F8DE-44B1-A23B-92D98149E06B}.Release|x64.ActiveCfg = Release|Win32
	EndGlobalSection
	GlobalSection(SolutionProperties) = preSolution
		HideSolutionNode = FALSE
	EndGlobalSection
EndGlobal
